
Microsoft Visual Studio Solution File, Format Version 12.00
# Visual Studio Version 16
VisualStudioVersion = 16.0.29926.136
MinimumVisualStudioVersion = 10.0.40219.1
Project("{F184B08F-C81C-45F6-A57F-5ABD9991F28F}") = "PROYECTO_201700763", "PROYECTO_201700763\PROYECTO_201700763.vbproj", "{045CD6E7-A865-4A53-99F7-29A4D4AEFC67}"
EndProject
Global
	GlobalSection(SolutionConfigurationPlatforms) = preSolution
		Debug|Any CPU = Debug|Any CPU
		Release|Any CPU = Release|Any CPU
	EndGlobalSection
	GlobalSection(ProjectConfigurationPlatforms) = postSolution
		{045CD6E7-A865-4A53-99F7-29A4D4AEFC67}.Debug|Any CPU.ActiveCfg = Debug|Any CPU
		{045CD6E7-A865-4A53-99F7-29A4D4AEFC67}.Debug|Any CPU.Build.0 = Debug|Any CPU
		{045CD6E7-A865-4A53-99F7-29A4D4AEFC67}.Release|Any CPU.ActiveCfg = Release|Any CPU
		{045CD6E7-A865-4A53-99F7-29A4D4AEFC67}.Release|Any CPU.Build.0 = Release|Any CPU
	EndGlobalSection
	GlobalSection(SolutionProperties) = preSolution
		HideSolutionNode = FALSE
	EndGlobalSection
	GlobalSection(ExtensibilityGlobals) = postSolution
		SolutionGuid = {7C735CC2-5AE9-4D7A-BB19-2D290D39F451}
	EndGlobalSection
EndGlobal
